
Microsoft Visual Studio Solution File, Format Version 12.00
# Visual Studio 14
VisualStudioVersion = 14.0.23107.0
MinimumVisualStudioVersion = 10.0.40219.1
Project("{8BC9CEB8-8B4A-11D0-8D11-00A0C91BC942}") = "SkySim_0.1", "SkySim_0.1\SkySim_0.1.vcxproj", "{341F01A5-DAAB-4A6B-B496-94FF772D0704}"
EndProject
Project("{2150E333-8FDC-42A3-9474-1A3956D46DE8}") = "Solution Items", "Solution Items", "{B217A448-0B14-4958-8F40-77CABE6E234F}"
EndProject
Project("{8BC9CEB8-8B4A-11D0-8D11-00A0C91BC942}") = "testSkySimLib", "testSkySimLib\testSkySimLib.vcxproj", "{766B6777-3418-4E41-8FE6-CE37434F525E}"
EndProject
Global
	GlobalSection(SolutionConfigurationPlatforms) = preSolution
		Debug|x64 = Debug|x64
		Debug|x86 = Debug|x86
		Release|x64 = Release|x64
		Release|x86 = Release|x86
	EndGlobalSection
	GlobalSection(ProjectConfigurationPlatforms) = postSolution
		{341F01A5-DAAB-4A6B-B496-94FF772D0704}.Debug|x64.ActiveCfg = Debug|x64
		{341F01A5-DAAB-4A6B-B496-94FF772D0704}.Debug|x64.Build.0 = Debug|x64
		{341F01A5-DAAB-4A6B-B496-94FF772D0704}.Debug|x86.ActiveCfg = Debug|Win32
		{341F01A5-DAAB-4A6B-B496-94FF772D0704}.Debug|x86.Build.0 = Debug|Win32
		{341F01A5-DAAB-4A6B-B496-94FF772D0704}.Release|x64.ActiveCfg = Release|x64
		{341F01A5-DAAB-4A6B-B496-94FF772D0704}.Release|x64.Build.0 = Release|x64
		{341F01A5-DAAB-4A6B-B496-94FF772D0704}.Release|x86.ActiveCfg = Release|Win32
		{341F01A5-DAAB-4A6B-B496-94FF772D0704}.Release|x86.Build.0 = Release|Win32
		{766B6777-3418-4E41-8FE6-CE37434F525E}.Debug|x64.ActiveCfg = Debug|x64
		{766B6777-3418-4E41-8FE6-CE37434F525E}.Debug|x64.Build.0 = Debug|x64
		{766B6777-3418-4E41-8FE6-CE37434F525E}.Debug|x86.ActiveCfg = Debug|Win32
		{766B6777-3418-4E41-8FE6-CE37434F525E}.Debug|x86.Build.0 = Debug|Win32
		{766B6777-3418-4E41-8FE6-CE37434F525E}.Release|x64.ActiveCfg = Release|x64
		{766B6777-3418-4E41-8FE6-CE37434F525E}.Release|x64.Build.0 = Release|x64
		{766B6777-3418-4E41-8FE6-CE37434F525E}.Release|x86.ActiveCfg = Release|Win32
		{766B6777-3418-4E41-8FE6-CE37434F525E}.Release|x86.Build.0 = Release|Win32
	EndGlobalSection
	GlobalSection(SolutionProperties) = preSolution
		HideSolutionNode = FALSE
	EndGlobalSection
EndGlobal
